
Microsoft Visual Studio Solution File, Format Version 12.00
# Visual Studio Version 17
VisualStudioVersion = 17.7.34221.43
MinimumVisualStudioVersion = 10.0.40219.1
Project("{FAE04EC0-301F-11D3-BF4B-00C04F79EFBC}") = "Management System", "Management System.csproj", "{5E4209E8-5616-4B7C-A8DF-13C5A4FE7549}"
EndProject
Project("{2150E333-8FDC-42A3-9474-1A3956D46DE8}") = "解决方案项", "解决方案项", "{48DF0C71-FEBF-410D-BF37-3A5F297B903A}"
	ProjectSection(SolutionItems) = preProject
		CreateDB.txt = CreateDB.txt
	EndProjectSection
EndProject
Global
	GlobalSection(SolutionConfigurationPlatforms) = preSolution
		Debug|Any CPU = Debug|Any CPU
		Release|Any CPU = Release|Any CPU
	EndGlobalSection
	GlobalSection(ProjectConfigurationPlatforms) = postSolution
		{5E4209E8-5616-4B7C-A8DF-13C5A4FE7549}.Debug|Any CPU.ActiveCfg = Debug|Any CPU
		{5E4209E8-5616-4B7C-A8DF-13C5A4FE7549}.Debug|Any CPU.Build.0 = Debug|Any CPU
		{5E4209E8-5616-4B7C-A8DF-13C5A4FE7549}.Release|Any CPU.ActiveCfg = Release|Any CPU
		{5E4209E8-5616-4B7C-A8DF-13C5A4FE7549}.Release|Any CPU.Build.0 = Release|Any CPU
	EndGlobalSection
	GlobalSection(SolutionProperties) = preSolution
		HideSolutionNode = FALSE
	EndGlobalSection
	GlobalSection(ExtensibilityGlobals) = postSolution
		SolutionGuid = {0E0A1F17-BD67-42E4-9CE0-9E375A12F2EF}
	EndGlobalSection
EndGlobal
